Microsoft Visual Studio Solution File, Format Version 12.00
# Visual Studio Version 17
VisualStudioVersion = 17.5.2.0
MinimumVisualStudioVersion = 10.0.40219.1
Project("{2150E333-8FDC-42A3-9474-1A3956D46DE8}") = "modules", "modules", "{CA253913-39DE-BFD0-C9A3-4B7EC6FBDF17}"
EndProject
Project("{2150E333-8FDC-42A3-9474-1A3956D46DE8}") = "nlightning", "nlightning", "{9F83666B-CEE6-D499-BC47-D706BEFD868B}"
EndProject
Project("{FAE04EC0-301F-11D3-BF4B-00C04F79EFBC}") = "nlightning_lib", "modules\nlightning\nlightning_lib\nlightning_lib.csproj", "{00E52BDF-8DA1-B0AC-D906-C6C002925D17}"
EndProject
Global
	GlobalSection(SolutionConfigurationPlatforms) = preSolution
		Debug|Any CPU = Debug|Any CPU
		Release|Any CPU = Release|Any CPU
	EndGlobalSection
	GlobalSection(ProjectConfigurationPlatforms) = postSolution
		{00E52BDF-8DA1-B0AC-D906-C6C002925D17}.Debug|Any CPU.ActiveCfg = Debug|Any CPU
		{00E52BDF-8DA1-B0AC-D906-C6C002925D17}.Debug|Any CPU.Build.0 = Debug|Any CPU
		{00E52BDF-8DA1-B0AC-D906-C6C002925D17}.Release|Any CPU.ActiveCfg = Release|Any CPU
		{00E52BDF-8DA1-B0AC-D906-C6C002925D17}.Release|Any CPU.Build.0 = Release|Any CPU
	EndGlobalSection
	GlobalSection(SolutionProperties) = preSolution
		HideSolutionNode = FALSE
	EndGlobalSection
	GlobalSection(NestedProjects) = preSolution
		{9F83666B-CEE6-D499-BC47-D706BEFD868B} = {CA253913-39DE-BFD0-C9A3-4B7EC6FBDF17}
		{00E52BDF-8DA1-B0AC-D906-C6C002925D17} = {9F83666B-CEE6-D499-BC47-D706BEFD868B}
	EndGlobalSection
	GlobalSection(ExtensibilityGlobals) = postSolution
		SolutionGuid = {99AACAEF-AF5F-44A9-92FA-6645811210F3}
	EndGlobalSection
EndGlobal
